
Microsoft Visual Studio Solution File, Format Version 12.00
# Visual Studio Version 18
VisualStudioVersion = 18.3.11310.294 d18.3
MinimumVisualStudioVersion = 10.0.40219.1
Project("{FAE04EC0-301F-11D3-BF4B-00C04F79EFBC}") = "TASK CAT", "TASK CAT\TASK CAT.csproj", "{A521C741-2B12-40BD-A393-AB36E4DFCA74}"
EndProject
Global
	GlobalSection(SolutionConfigurationPlatforms) = preSolution
		Debug|Any CPU = Debug|Any CPU
		Release|Any CPU = Release|Any CPU
	EndGlobalSection
	GlobalSection(ProjectConfigurationPlatforms) = postSolution
		{A521C741-2B12-40BD-A393-AB36E4DFCA74}.Debug|Any CPU.ActiveCfg = Debug|Any CPU
		{A521C741-2B12-40BD-A393-AB36E4DFCA74}.Debug|Any CPU.Build.0 = Debug|Any CPU
		{A521C741-2B12-40BD-A393-AB36E4DFCA74}.Release|Any CPU.ActiveCfg = Release|Any CPU
		{A521C741-2B12-40BD-A393-AB36E4DFCA74}.Release|Any CPU.Build.0 = Release|Any CPU
	EndGlobalSection
	GlobalSection(SolutionProperties) = preSolution
		HideSolutionNode = FALSE
	EndGlobalSection
	GlobalSection(ExtensibilityGlobals) = postSolution
		SolutionGuid = {0E2E0EB9-9F0A-42A4-940D-1ACBFF90A535}
	EndGlobalSection
EndGlobal
